<?xml version="1.0" encoding="utf-8"?>
<Project ToolsVersion="4.0" xmlns="http://schemas.microsoft.com/developer/msbuild/2003">
  <ItemGroup>
    <Filter Include="Resource Files">
      <UniqueIdentifier>{67DA6AB6-F800-4c08-8B7A-83BB121AAD01}</UniqueIdentifier>
      <Extensions>rc;ico;cur;bmp;dlg;rc2;rct;bin;rgs;gif;jpg;jpeg;jpe;resx;tiff;tif;png;wav;mfcribbon-ms</Extensions>
    </Filter>
    <Filter Include="Schedular">
      <UniqueIdentifier>{bc04a4c2-9cd5-468f-a33f-9f373c034bec}</UniqueIdentifier>
    </Filter>
    <Filter Include="Data Structures">
      <UniqueIdentifier>{b4486b4a-fe0f-4e03-9753-73013fccf5c4}</UniqueIdentifier>
    </Filter>
    <Filter Include="Process">
      <UniqueIdentifier>{93995380-89BD-4b04-88EB-625FBE52EBFB}</UniqueIdentifier>
      <Extensions>h;hh;hpp;hxx;h++;hm;inl;inc;ipp;xsd</Extensions>
    </Filter>
    <Filter Include="Processor">
      <UniqueIdentifier>{8e8e7495-175b-4303-9dc9-e10aa64e5bc8}</UniqueIdentifier>
    </Filter>
  </ItemGroup>
  <ItemGroup>
    <ClInclude Include="Schedular.h">
      <Filter>Schedular</Filter>
    </ClInclude>
    <ClInclude Include="Data Structures\CircularLinkedList.h">
      <Filter>Data Structures</Filter>
    </ClInclude>
<<<<<<< Updated upstream
    <ClInclude Include="D:\Problem solving\Test\Test\CircularLinkedList.h">
      <Filter>Header Files</Filter>
    </ClInclude>
    <ClInclude Include="D:\Problem solving\Test\Test\LinkedQueue.h">
      <Filter>Header Files</Filter>
    </ClInclude>
    <ClInclude Include="D:\Problem solving\Test\Test\Node.h">
      <Filter>Header Files</Filter>
    </ClInclude>
    <ClInclude Include="D:\Problem solving\Test\Test\Pri_Node.h">
      <Filter>Header Files</Filter>
    </ClInclude>
    <ClInclude Include="D:\Problem solving\Test\Test\Pri_Queue.h">
      <Filter>Header Files</Filter>
=======
    <ClInclude Include="Data Structures\LinkedQueue.h">
      <Filter>Data Structures</Filter>
    </ClInclude>
    <ClInclude Include="Data Structures\Node.h">
      <Filter>Data Structures</Filter>
    </ClInclude>
    <ClInclude Include="Data Structures\Pri_Node.h">
      <Filter>Data Structures</Filter>
    </ClInclude>
    <ClInclude Include="Data Structures\Pri_Queue.h">
      <Filter>Data Structures</Filter>
    </ClInclude>
    <ClInclude Include="Process\Process.h">
      <Filter>Process</Filter>
    </ClInclude>
    <ClInclude Include="Process\Enums.h">
      <Filter>Process</Filter>
    </ClInclude>
    <ClInclude Include="Processor\Processor.h">
      <Filter>Processor</Filter>
>>>>>>> Stashed changes
    </ClInclude>
  </ItemGroup>
  <ItemGroup>
    <ClCompile Include="Main.cpp" />
    <ClCompile Include="Schedular.cpp">
      <Filter>Schedular</Filter>
    </ClCompile>
    <ClCompile Include="Process\Process.cpp">
      <Filter>Process</Filter>
    </ClCompile>
  </ItemGroup>
</Project>