<?xml version="1.0" encoding="utf-8"?>
<Project ToolsVersion="4.0" xmlns="http://schemas.microsoft.com/developer/msbuild/2003">
  <ItemGroup>
    <Filter Include="Resource Files">
      <UniqueIdentifier>{67DA6AB6-F800-4c08-8B7A-83BB121AAD01}</UniqueIdentifier>
      <Extensions>rc;ico;cur;bmp;dlg;rc2;rct;bin;rgs;gif;jpg;jpeg;jpe;resx;tiff;tif;png;wav;mfcribbon-ms</Extensions>
    </Filter>
    <Filter Include="Data Structures">
      <UniqueIdentifier>{99430e5a-abad-4f5b-8f6e-3a8a25a9db07}</UniqueIdentifier>
    </Filter>
    <Filter Include="Processors">
      <UniqueIdentifier>{38ed5bff-3b86-4b19-8ba3-8e123aa6b216}</UniqueIdentifier>
    </Filter>
    <Filter Include="UI classes">
      <UniqueIdentifier>{3e6e835a-60b9-4e5c-a314-deafba5954c8}</UniqueIdentifier>
    </Filter>
    <Filter Include="Process">
      <UniqueIdentifier>{061b6959-b932-4855-8fc6-8c74b2da0a83}</UniqueIdentifier>
    </Filter>
    <Filter Include="Process Scheduler">
      <UniqueIdentifier>{789fafba-2d72-45a6-96c2-0d13783c49f6}</UniqueIdentifier>
    </Filter>
  </ItemGroup>
  <ItemGroup>
    <ClInclude Include="Data Structures\Queue.h">
      <Filter>Data Structures</Filter>
    </ClInclude>
    <ClInclude Include="Data Structures\Node.h">
      <Filter>Data Structures</Filter>
    </ClInclude>
    <ClInclude Include="Data Structures\Pri_Node.h">
      <Filter>Data Structures</Filter>
    </ClInclude>
    <ClInclude Include="Data Structures\Pri_Queue.h">
      <Filter>Data Structures</Filter>
    </ClInclude>
    <ClInclude Include="Process\Process.h">
      <Filter>Process</Filter>
    </ClInclude>
    <ClInclude Include="Processors\Processor.h">
      <Filter>Processors</Filter>
    </ClInclude>
    <ClInclude Include="Enums.h" />
    <ClInclude Include="Processors\FCFS.h">
      <Filter>Processors</Filter>
    </ClInclude>
    <ClInclude Include="Processors\SJF.h">
      <Filter>Processors</Filter>
    </ClInclude>
    <ClInclude Include="Processors\RR.h">
      <Filter>Processors</Filter>
    </ClInclude>
    <ClInclude Include="Process Scheduler\Process Scheduler.h">
      <Filter>Process Scheduler</Filter>
    </ClInclude>
    <ClInclude Include="Data Structures\List.h">
      <Filter>Data Structures</Filter>
    </ClInclude>
    <ClInclude Include="UI Classes\Input.h">
      <Filter>UI classes</Filter>
    </ClInclude>
    <ClInclude Include="UI Classes\Output.h">
      <Filter>UI classes</Filter>
    </ClInclude>
    <ClInclude Include="Data Structures\Pair.h">
      <Filter>Data Structures</Filter>
    </ClInclude>
    <ClInclude Include="Data Structures\TreeNode.h">
      <Filter>Data Structures</Filter>
    </ClInclude>
  </ItemGroup>
  <ItemGroup>
    <ClCompile Include="Process\Process.cpp">
      <Filter>Process</Filter>
    </ClCompile>
    <ClCompile Include="Processors\Processor.cpp">
      <Filter>Processors</Filter>
    </ClCompile>
    <ClCompile Include="Processors\FCFS.cpp">
      <Filter>Processors</Filter>
    </ClCompile>
    <ClCompile Include="Processors\SJF.cpp">
      <Filter>Processors</Filter>
    </ClCompile>
    <ClCompile Include="Processors\RR.cpp">
      <Filter>Processors</Filter>
    </ClCompile>
    <ClCompile Include="Process Scheduler\Process Scheduler.cpp">
      <Filter>Process Scheduler</Filter>
    </ClCompile>
    <ClCompile Include="Main.cpp" />
    <ClCompile Include="UI Classes\Input.cpp">
      <Filter>UI classes</Filter>
    </ClCompile>
    <ClCompile Include="UI Classes\Output.cpp">
      <Filter>UI classes</Filter>
    </ClCompile>
  </ItemGroup>
</Project>